
Microsoft Visual Studio Solution File, Format Version 12.00
# Visual Studio 15
VisualStudioVersion = 15.0.28010.2003
MinimumVisualStudioVersion = 10.0.40219.1
Project("{FAE04EC0-301F-11D3-BF4B-00C04F79EFBC}") = "Inheritance Diagram", "Inheritance Diagram\Inheritance Diagram.csproj", "{3BF83CEF-D8D4-4B8C-AD50-29959FB79EE2}"
EndProject
Global
	GlobalSection(SolutionConfigurationPlatforms) = preSolution
		Debug|Any CPU = Debug|Any CPU
		Release|Any CPU = Release|Any CPU
	EndGlobalSection
	GlobalSection(ProjectConfigurationPlatforms) = postSolution
		{3BF83CEF-D8D4-4B8C-AD50-29959FB79EE2}.Debug|Any CPU.ActiveCfg = Debug|Any CPU
		{3BF83CEF-D8D4-4B8C-AD50-29959FB79EE2}.Debug|Any CPU.Build.0 = Debug|Any CPU
		{3BF83CEF-D8D4-4B8C-AD50-29959FB79EE2}.Release|Any CPU.ActiveCfg = Release|Any CPU
		{3BF83CEF-D8D4-4B8C-AD50-29959FB79EE2}.Release|Any CPU.Build.0 = Release|Any CPU
	EndGlobalSection
	GlobalSection(SolutionProperties) = preSolution
		HideSolutionNode = FALSE
	EndGlobalSection
	GlobalSection(ExtensibilityGlobals) = postSolution
		SolutionGuid = {166B4C3E-7380-42C1-9EFE-186373C6C379}
	EndGlobalSection
EndGlobal
