
Microsoft Visual Studio Solution File, Format Version 12.00
# Visual Studio 15
VisualStudioVersion = 15.0.28010.2003
MinimumVisualStudioVersion = 10.0.40219.1
Project("{FAE04EC0-301F-11D3-BF4B-00C04F79EFBC}") = "Squares and Methods", "Squares and Method\Squares and Methods.csproj", "{452E97E1-CAAC-4898-B121-BAAD6AB732AD}"
EndProject
Global
	GlobalSection(SolutionConfigurationPlatforms) = preSolution
		Debug|Any CPU = Debug|Any CPU
		Release|Any CPU = Release|Any CPU
	EndGlobalSection
	GlobalSection(ProjectConfigurationPlatforms) = postSolution
		{452E97E1-CAAC-4898-B121-BAAD6AB732AD}.Debug|Any CPU.ActiveCfg = Debug|Any CPU
		{452E97E1-CAAC-4898-B121-BAAD6AB732AD}.Debug|Any CPU.Build.0 = Debug|Any CPU
		{452E97E1-CAAC-4898-B121-BAAD6AB732AD}.Release|Any CPU.ActiveCfg = Release|Any CPU
		{452E97E1-CAAC-4898-B121-BAAD6AB732AD}.Release|Any CPU.Build.0 = Release|Any CPU
	EndGlobalSection
	GlobalSection(SolutionProperties) = preSolution
		HideSolutionNode = FALSE
	EndGlobalSection
	GlobalSection(ExtensibilityGlobals) = postSolution
		SolutionGuid = {7086AC28-283C-4CFE-9136-E49660E6C2C5}
	EndGlobalSection
EndGlobal
