
Microsoft Visual Studio Solution File, Format Version 12.00
# Visual Studio 15
VisualStudioVersion = 15.0.28010.2003
MinimumVisualStudioVersion = 10.0.40219.1
Project("{FAE04EC0-301F-11D3-BF4B-00C04F79EFBC}") = "Caesar Decipherer", "Caesar Decipherer\Caesar Decipherer.csproj", "{0F4FE417-6B6E-4573-9DFE-800246237CFF}"
EndProject
Global
	GlobalSection(SolutionConfigurationPlatforms) = preSolution
		Debug|Any CPU = Debug|Any CPU
		Release|Any CPU = Release|Any CPU
	EndGlobalSection
	GlobalSection(ProjectConfigurationPlatforms) = postSolution
		{0F4FE417-6B6E-4573-9DFE-800246237CFF}.Debug|Any CPU.ActiveCfg = Debug|Any CPU
		{0F4FE417-6B6E-4573-9DFE-800246237CFF}.Debug|Any CPU.Build.0 = Debug|Any CPU
		{0F4FE417-6B6E-4573-9DFE-800246237CFF}.Release|Any CPU.ActiveCfg = Release|Any CPU
		{0F4FE417-6B6E-4573-9DFE-800246237CFF}.Release|Any CPU.Build.0 = Release|Any CPU
	EndGlobalSection
	GlobalSection(SolutionProperties) = preSolution
		HideSolutionNode = FALSE
	EndGlobalSection
	GlobalSection(ExtensibilityGlobals) = postSolution
		SolutionGuid = {5E8001B6-CC09-47FB-82C9-31728BB6EF1C}
	EndGlobalSection
EndGlobal
