
Microsoft Visual Studio Solution File, Format Version 12.00
# Visual Studio 15
VisualStudioVersion = 15.0.28010.2003
MinimumVisualStudioVersion = 10.0.40219.1
Project("{FAE04EC0-301F-11D3-BF4B-00C04F79EFBC}") = "PrintJaggedArray", "PrintJaggedArray\PrintJaggedArray.csproj", "{64D07ED9-4D2E-4594-A4B9-2837CB965468}"
EndProject
Global
	GlobalSection(SolutionConfigurationPlatforms) = preSolution
		Debug|Any CPU = Debug|Any CPU
		Release|Any CPU = Release|Any CPU
	EndGlobalSection
	GlobalSection(ProjectConfigurationPlatforms) = postSolution
		{64D07ED9-4D2E-4594-A4B9-2837CB965468}.Debug|Any CPU.ActiveCfg = Debug|Any CPU
		{64D07ED9-4D2E-4594-A4B9-2837CB965468}.Debug|Any CPU.Build.0 = Debug|Any CPU
		{64D07ED9-4D2E-4594-A4B9-2837CB965468}.Release|Any CPU.ActiveCfg = Release|Any CPU
		{64D07ED9-4D2E-4594-A4B9-2837CB965468}.Release|Any CPU.Build.0 = Release|Any CPU
	EndGlobalSection
	GlobalSection(SolutionProperties) = preSolution
		HideSolutionNode = FALSE
	EndGlobalSection
	GlobalSection(ExtensibilityGlobals) = postSolution
		SolutionGuid = {4E7C8203-6CF7-4DB8-9847-71C3BC28B2DA}
	EndGlobalSection
EndGlobal
