
Microsoft Visual Studio Solution File, Format Version 12.00
# Visual Studio 15
VisualStudioVersion = 15.0.28010.2003
MinimumVisualStudioVersion = 10.0.40219.1
Project("{FAE04EC0-301F-11D3-BF4B-00C04F79EFBC}") = "Ints For Letters", "Ints For Letters\Ints For Letters.csproj", "{17BC7C93-BFE3-441D-8F60-294F2E5BC806}"
EndProject
Global
	GlobalSection(SolutionConfigurationPlatforms) = preSolution
		Debug|Any CPU = Debug|Any CPU
		Release|Any CPU = Release|Any CPU
	EndGlobalSection
	GlobalSection(ProjectConfigurationPlatforms) = postSolution
		{17BC7C93-BFE3-441D-8F60-294F2E5BC806}.Debug|Any CPU.ActiveCfg = Debug|Any CPU
		{17BC7C93-BFE3-441D-8F60-294F2E5BC806}.Debug|Any CPU.Build.0 = Debug|Any CPU
		{17BC7C93-BFE3-441D-8F60-294F2E5BC806}.Release|Any CPU.ActiveCfg = Release|Any CPU
		{17BC7C93-BFE3-441D-8F60-294F2E5BC806}.Release|Any CPU.Build.0 = Release|Any CPU
	EndGlobalSection
	GlobalSection(SolutionProperties) = preSolution
		HideSolutionNode = FALSE
	EndGlobalSection
	GlobalSection(ExtensibilityGlobals) = postSolution
		SolutionGuid = {139E8017-2A5A-4375-A97D-DBD8B66A1537}
	EndGlobalSection
EndGlobal
