
Microsoft Visual Studio Solution File, Format Version 12.00
# Visual Studio 15
Project("{FAE04EC0-301F-11D3-BF4B-00C04F79EFBC}") = "Despacito 2", "Assembly-CSharp.csproj", "{22290BA9-9157-B845-C9CB-28A10A58E557}"
EndProject
Global
	GlobalSection(SolutionConfigurationPlatforms) = preSolution
		Debug|Any CPU = Debug|Any CPU
		Release|Any CPU = Release|Any CPU
	EndGlobalSection
	GlobalSection(ProjectConfigurationPlatforms) = postSolution
		{22290BA9-9157-B845-C9CB-28A10A58E557}.Debug|Any CPU.ActiveCfg = Debug|Any CPU
		{22290BA9-9157-B845-C9CB-28A10A58E557}.Debug|Any CPU.Build.0 = Debug|Any CPU
		{22290BA9-9157-B845-C9CB-28A10A58E557}.Release|Any CPU.ActiveCfg = Release|Any CPU
		{22290BA9-9157-B845-C9CB-28A10A58E557}.Release|Any CPU.Build.0 = Release|Any CPU
	EndGlobalSection
	GlobalSection(SolutionProperties) = preSolution
		HideSolutionNode = FALSE
	EndGlobalSection
EndGlobal
