
Microsoft Visual Studio Solution File, Format Version 12.00
# Visual Studio Version 16
VisualStudioVersion = 16.0.29519.87
MinimumVisualStudioVersion = 10.0.40219.1
Project("{FAE04EC0-301F-11D3-BF4B-00C04F79EFBC}") = "NetflixGUI", "NetflixGUI\NetflixGUI.csproj", "{B0C74FF5-04DB-4596-9026-1BABD1F4424E}"
EndProject
Global
	GlobalSection(SolutionConfigurationPlatforms) = preSolution
		Debug|Any CPU = Debug|Any CPU
		Release|Any CPU = Release|Any CPU
	EndGlobalSection
	GlobalSection(ProjectConfigurationPlatforms) = postSolution
		{B0C74FF5-04DB-4596-9026-1BABD1F4424E}.Debug|Any CPU.ActiveCfg = Debug|Any CPU
		{B0C74FF5-04DB-4596-9026-1BABD1F4424E}.Debug|Any CPU.Build.0 = Debug|Any CPU
		{B0C74FF5-04DB-4596-9026-1BABD1F4424E}.Release|Any CPU.ActiveCfg = Release|Any CPU
		{B0C74FF5-04DB-4596-9026-1BABD1F4424E}.Release|Any CPU.Build.0 = Release|Any CPU
	EndGlobalSection
	GlobalSection(SolutionProperties) = preSolution
		HideSolutionNode = FALSE
	EndGlobalSection
	GlobalSection(ExtensibilityGlobals) = postSolution
		SolutionGuid = {49058783-1F89-47EC-B26F-AB19FBEE5164}
	EndGlobalSection
EndGlobal
