
Microsoft Visual Studio Solution File, Format Version 12.00
# Visual Studio 15
VisualStudioVersion = 15.0.28010.2003
MinimumVisualStudioVersion = 10.0.40219.1
Project("{FAE04EC0-301F-11D3-BF4B-00C04F79EFBC}") = "BinaryTreeeeeees", "BinaryTreeeeeees\BinaryTreeeeeees.csproj", "{01DF1E2D-2181-4223-8374-3DCD95CD6A19}"
EndProject
Global
	GlobalSection(SolutionConfigurationPlatforms) = preSolution
		Debug|Any CPU = Debug|Any CPU
		Release|Any CPU = Release|Any CPU
	EndGlobalSection
	GlobalSection(ProjectConfigurationPlatforms) = postSolution
		{01DF1E2D-2181-4223-8374-3DCD95CD6A19}.Debug|Any CPU.ActiveCfg = Debug|Any CPU
		{01DF1E2D-2181-4223-8374-3DCD95CD6A19}.Debug|Any CPU.Build.0 = Debug|Any CPU
		{01DF1E2D-2181-4223-8374-3DCD95CD6A19}.Release|Any CPU.ActiveCfg = Release|Any CPU
		{01DF1E2D-2181-4223-8374-3DCD95CD6A19}.Release|Any CPU.Build.0 = Release|Any CPU
	EndGlobalSection
	GlobalSection(SolutionProperties) = preSolution
		HideSolutionNode = FALSE
	EndGlobalSection
	GlobalSection(ExtensibilityGlobals) = postSolution
		SolutionGuid = {5F0BA645-9AFD-40A1-A0F9-083663B96729}
	EndGlobalSection
EndGlobal
