
Microsoft Visual Studio Solution File, Format Version 12.00
# Visual Studio 15
VisualStudioVersion = 15.0.28010.2003
MinimumVisualStudioVersion = 10.0.40219.1
Project("{FAE04EC0-301F-11D3-BF4B-00C04F79EFBC}") = "Sthachke", "Sthachke\Sthachke.csproj", "{6094807E-7AB9-479A-986D-AD2B3D64A295}"
EndProject
Global
	GlobalSection(SolutionConfigurationPlatforms) = preSolution
		Debug|Any CPU = Debug|Any CPU
		Release|Any CPU = Release|Any CPU
	EndGlobalSection
	GlobalSection(ProjectConfigurationPlatforms) = postSolution
		{6094807E-7AB9-479A-986D-AD2B3D64A295}.Debug|Any CPU.ActiveCfg = Debug|Any CPU
		{6094807E-7AB9-479A-986D-AD2B3D64A295}.Debug|Any CPU.Build.0 = Debug|Any CPU
		{6094807E-7AB9-479A-986D-AD2B3D64A295}.Release|Any CPU.ActiveCfg = Release|Any CPU
		{6094807E-7AB9-479A-986D-AD2B3D64A295}.Release|Any CPU.Build.0 = Release|Any CPU
	EndGlobalSection
	GlobalSection(SolutionProperties) = preSolution
		HideSolutionNode = FALSE
	EndGlobalSection
	GlobalSection(ExtensibilityGlobals) = postSolution
		SolutionGuid = {D4F4E736-0474-413B-ABAC-198148BE711E}
	EndGlobalSection
EndGlobal
