
Microsoft Visual Studio Solution File, Format Version 12.00
# Visual Studio 15
VisualStudioVersion = 15.0.28010.2003
MinimumVisualStudioVersion = 10.0.40219.1
Project("{FAE04EC0-301F-11D3-BF4B-00C04F79EFBC}") = "Hangman", "Hangman\Hangman.csproj", "{37047D25-92CC-42AE-9F44-881F90983655}"
EndProject
Global
	GlobalSection(SolutionConfigurationPlatforms) = preSolution
		Debug|Any CPU = Debug|Any CPU
		Release|Any CPU = Release|Any CPU
	EndGlobalSection
	GlobalSection(ProjectConfigurationPlatforms) = postSolution
		{37047D25-92CC-42AE-9F44-881F90983655}.Debug|Any CPU.ActiveCfg = Debug|Any CPU
		{37047D25-92CC-42AE-9F44-881F90983655}.Debug|Any CPU.Build.0 = Debug|Any CPU
		{37047D25-92CC-42AE-9F44-881F90983655}.Release|Any CPU.ActiveCfg = Release|Any CPU
		{37047D25-92CC-42AE-9F44-881F90983655}.Release|Any CPU.Build.0 = Release|Any CPU
	EndGlobalSection
	GlobalSection(SolutionProperties) = preSolution
		HideSolutionNode = FALSE
	EndGlobalSection
	GlobalSection(ExtensibilityGlobals) = postSolution
		SolutionGuid = {C1CB9175-601B-4A40-B2B4-0641AF4341EA}
	EndGlobalSection
EndGlobal
